
Microsoft Visual Studio Solution File, Format Version 12.00
# Visual Studio Version 16
VisualStudioVersion = 16.0.30523.141
MinimumVisualStudioVersion = 10.0.40219.1
Project("{8BC9CEB8-8B4A-11D0-8D11-00A0C91BC942}") = "ConsoleApplication1", "ConsoleApplication1.vcxproj", "{406B7236-8845-4A3B-B68D-EE1F714ABF7A}"
EndProject
Global
	GlobalSection(SolutionConfigurationPlatforms) = preSolution
		Debug|x64 = Debug|x64
		Debug|x86 = Debug|x86
		Release|x64 = Release|x64
		Release|x86 = Release|x86
	EndGlobalSection
	GlobalSection(ProjectConfigurationPlatforms) = postSolution
		{406B7236-8845-4A3B-B68D-EE1F714ABF7A}.Debug|x64.ActiveCfg = Debug|x64
		{406B7236-8845-4A3B-B68D-EE1F714ABF7A}.Debug|x64.Build.0 = Debug|x64
		{406B7236-8845-4A3B-B68D-EE1F714ABF7A}.Debug|x86.ActiveCfg = Debug|Win32
		{406B7236-8845-4A3B-B68D-EE1F714ABF7A}.Debug|x86.Build.0 = Debug|Win32
		{406B7236-8845-4A3B-B68D-EE1F714ABF7A}.Release|x64.ActiveCfg = Release|x64
		{406B7236-8845-4A3B-B68D-EE1F714ABF7A}.Release|x64.Build.0 = Release|x64
		{406B7236-8845-4A3B-B68D-EE1F714ABF7A}.Release|x86.ActiveCfg = Release|Win32
		{406B7236-8845-4A3B-B68D-EE1F714ABF7A}.Release|x86.Build.0 = Release|Win32
	EndGlobalSection
	GlobalSection(SolutionProperties) = preSolution
		HideSolutionNode = FALSE
	EndGlobalSection
	GlobalSection(ExtensibilityGlobals) = postSolution
		SolutionGuid = {1D26DDE9-3D97-467C-8B41-7B640E5B659A}
	EndGlobalSection
EndGlobal
